
Microsoft Visual Studio Solution File, Format Version 11.00
# Visual C# Express 2010
Project("{FAE04EC0-301F-11D3-BF4B-00C04F79EFBC}") = "Pila", "Pila\Pila.csproj", "{6277CA9E-C428-4F08-B6E2-69EC618F8895}"
EndProject
Global
	GlobalSection(SolutionConfigurationPlatforms) = preSolution
		Debug|x86 = Debug|x86
		Release|x86 = Release|x86
	EndGlobalSection
	GlobalSection(ProjectConfigurationPlatforms) = postSolution
		{6277CA9E-C428-4F08-B6E2-69EC618F8895}.Debug|x86.ActiveCfg = Debug|x86
		{6277CA9E-C428-4F08-B6E2-69EC618F8895}.Debug|x86.Build.0 = Debug|x86
		{6277CA9E-C428-4F08-B6E2-69EC618F8895}.Release|x86.ActiveCfg = Release|x86
		{6277CA9E-C428-4F08-B6E2-69EC618F8895}.Release|x86.Build.0 = Release|x86
	EndGlobalSection
	GlobalSection(SolutionProperties) = preSolution
		HideSolutionNode = FALSE
	EndGlobalSection
EndGlobal
